# This file is autogenerated, do not edit; changes may be undone by the next 'dep ensure'.


[[projects]]
  name = "github.com/go-sql-driver/mysql"
  packages = ["."]
  revision = "a0583e0143b1624142adab07e0e97fe106d99561"
  version = "v1.3"

[[projects]]
  branch = "release-branch.go1.10"
  name = "github.com/golang/tools"
  packages = ["cmd/goyacc"]
  revision = "d3e4ceb59d31b9d93d53a7fe0b33f17122fb8542"

[[projects]]
  branch = "master"
  name = "github.com/juju/errors"
  packages = ["."]
  revision = "c7d06af17c68cd34c835053720b21f6549d9b0ee"

[solve-meta]
  analyzer-name = "dep"
  analyzer-version = 1
  inputs-digest = "20b28943c7bb9b5812fefbb7d3a297c4e1729410a52e08d0f61d80e09a23e5d3"
  solver-name = "gps-cdcl"
  solver-version = 1
