# This file is autogenerated, do not edit; changes may be undone by the next 'dep ensure'.


[[projects]]
  branch = "master"
  digest = "1:53bd4347b151fcbedcdda527f7ebf4924f0e21d672131812f857175d8c7a1051"
  name = "github.com/juju/errors"
  packages = ["."]
  pruneopts = "UT"
  revision = "812b06ada1776ad4dd95d575e18ffffe3a9ac34a"

[[projects]]
  digest = "1:ca955a9cd5b50b0f43d2cc3aeb35c951473eeca41b34eb67507f1dbcc0542394"
  name = "github.com/kr/pretty"
  packages = ["."]
  pruneopts = "UT"
  revision = "73f6ac0b30a98e433b289500d779f50c1a6f0712"
  version = "v0.1.0"

[[projects]]
  digest = "1:15b5cc79aad436d47019f814fde81a10221c740dc8ddf769221a65097fb6c2e9"
  name = "github.com/kr/text"
  packages = ["."]
  pruneopts = "UT"
  revision = "e2ffdb16a802fe2bb95e2e35ff34f0e53aeef34f"
  version = "v0.1.0"

[[projects]]
  digest = "1:44c631134380c5fbe7378bf8bfe49c1e703ded0f4beb1726fc29bc56b4f9b147"
  name = "golang.org/x/text"
  packages = [
    "encoding",
    "encoding/charmap",
    "encoding/internal",
    "encoding/internal/identifier",
    "encoding/japanese",
    "encoding/korean",
    "encoding/simplifiedchinese",
    "encoding/traditionalchinese",
    "encoding/unicode",
    "encoding/unicode/utf32",
    "internal/gen",
    "internal/utf8internal",
    "runes",
    "transform",
    "unicode/cldr",
  ]
  pruneopts = "UT"
  revision = "f21a4dfb5e38f5895301dc265a8def02365cc3d0"
  version = "v0.3.0"

[[projects]]
  branch = "v1"
  digest = "1:af715ae33cc1f5695c4b2a4e4b21d008add8802a99e15bb467ac7c32edb5000d"
  name = "gopkg.in/check.v1"
  packages = ["."]
  pruneopts = "UT"
  revision = "788fd78401277ebd861206a03c884797c6ec5541"

[solve-meta]
  analyzer-name = "dep"
  analyzer-version = 1
  input-imports = [
    "github.com/juju/errors",
    "golang.org/x/text/encoding",
    "golang.org/x/text/encoding/charmap",
    "golang.org/x/text/encoding/japanese",
    "golang.org/x/text/encoding/korean",
    "golang.org/x/text/encoding/simplifiedchinese",
    "golang.org/x/text/encoding/traditionalchinese",
    "golang.org/x/text/encoding/unicode",
    "golang.org/x/text/encoding/unicode/utf32",
    "gopkg.in/check.v1",
  ]
  solver-name = "gps-cdcl"
  solver-version = 1
