# This file is autogenerated, do not edit; changes may be undone by the next 'dep ensure'.


[[projects]]
  name = "github.com/go-sql-driver/mysql"
  packages = ["."]
  revision = "a0583e0143b1624142adab07e0e97fe106d99561"
  version = "v1.3"

[[projects]]
  branch = "master"
  name = "github.com/golang/tools"
  packages = ["cmd/goyacc"]
  revision = "ae8027637c91c400af8a3e006c35c7011b3ca1fe"

[solve-meta]
  analyzer-name = "dep"
  analyzer-version = 1
  inputs-digest = "094f35ff41b6287303fc5e0941cf24a6889634eb6633ea016a36c80751a73341"
  solver-name = "gps-cdcl"
  solver-version = 1
